
Microsoft Visual Studio Solution File, Format Version 12.00
# Visual Studio Version 17
VisualStudioVersion = 17.2.32427.441
MinimumVisualStudioVersion = 10.0.40219.1
Project("{2150E333-8FDC-42A3-9474-1A3956D46DE8}") = "Tests", "Tests", "{3BA3090D-36C2-4B9A-B7FB-CA9A3F3600DE}"
EndProject
Project("{9A19103F-16F7-4668-BE54-9A1E7A4F7556}") = "OrtdpTest", "Tests\OrtdpTest\OrtdpTest.csproj", "{63E9BEB5-0228-4203-B3BE-8164E39C895E}"
EndProject
Project("{9A19103F-16F7-4668-BE54-9A1E7A4F7556}") = "KeyAsio.Gui", "KeyAsio.Gui\KeyAsio.Gui.csproj", "{688E771A-3D5A-4B3E-AF67-9B8C2CE4E97A}"
EndProject
Project("{9A19103F-16F7-4668-BE54-9A1E7A4F7556}") = "ColumnTest", "Tests\ColumnTest\ColumnTest.csproj", "{F047B50B-A3DE-4FF8-9496-06824392EA33}"
EndProject
Project("{9A19103F-16F7-4668-BE54-9A1E7A4F7556}") = "PlayingTests", "Tests\PlayingTests\PlayingTests.csproj", "{31A684FF-FB56-4282-BA7B-E2E1331851FA}"
EndProject
Project("{9A19103F-16F7-4668-BE54-9A1E7A4F7556}") = "KeyAsio.Sentry", "KeyAsio.Sentry\KeyAsio.Sentry.csproj", "{247138A4-1EF6-4743-8D7D-6E0C26929404}"
EndProject
Project("{9A19103F-16F7-4668-BE54-9A1E7A4F7556}") = "KeyAsio.MemoryReading", "KeyAsio.MemoryReading\KeyAsio.MemoryReading.csproj", "{804B9BD6-30A1-414F-A1F0-CFB4E042A455}"
EndProject
Project("{9A19103F-16F7-4668-BE54-9A1E7A4F7556}") = "KeyAsio.Shared", "KeyAsio.Shared\KeyAsio.Shared.csproj", "{180290B8-5ECC-4F4F-9C48-B707D51838F4}"
EndProject
Project("{2150E333-8FDC-42A3-9474-1A3956D46DE8}") = "Legacy", "Legacy", "{EC74613F-25FB-446D-9068-7F44594906B2}"
EndProject
Project("{9A19103F-16F7-4668-BE54-9A1E7A4F7556}") = "OsuRTDataProvider", "dependencies\OsuRTDataProviderCore\OsuRTDataProvider.csproj", "{E5D2734C-924C-4713-B0BE-83939ED06750}"
EndProject
Project("{9A19103F-16F7-4668-BE54-9A1E7A4F7556}") = "MemoryReadingTest", "Tests\MemoryReadingTest\MemoryReadingTest.csproj", "{D7FDE67C-764A-4824-A65B-658F72612C06}"
EndProject
Project("{2150E333-8FDC-42A3-9474-1A3956D46DE8}") = "Dependencies", "Dependencies", "{63042D0D-CE64-4B9A-B030-99FBC7C2D87B}"
EndProject
Project("{9A19103F-16F7-4668-BE54-9A1E7A4F7556}") = "ProcessMemoryDataFinder", "dependencies\ProcessMemoryDataFinder\ProcessMemoryDataFinder\ProcessMemoryDataFinder.csproj", "{CC2BA759-F53F-4ECD-8A72-FB05496870B1}"
EndProject
Project("{9A19103F-16F7-4668-BE54-9A1E7A4F7556}") = "OsuMemoryDataProvider", "dependencies\ProcessMemoryDataFinder\OsuMemoryDataProvider\OsuMemoryDataProvider.csproj", "{FC52840E-C7C6-4741-9DEA-AB286F7AE7F6}"
EndProject
Project("{FAE04EC0-301F-11D3-BF4B-00C04F79EFBC}") = "KeyAsio.Memory", "KeyAsio.Memory\KeyAsio.Memory.csproj", "{316CEA6A-6A42-F0A9-C9E2-C4F72B573121}"
EndProject
Global
	GlobalSection(SolutionConfigurationPlatforms) = preSolution
		Debug|Any CPU = Debug|Any CPU
		Debug|x64 = Debug|x64
		Debug|x86 = Debug|x86
		Release|Any CPU = Release|Any CPU
		Release|x64 = Release|x64
		Release|x86 = Release|x86
	EndGlobalSection
	GlobalSection(ProjectConfigurationPlatforms) = postSolution
		{63E9BEB5-0228-4203-B3BE-8164E39C895E}.Debug|Any CPU.ActiveCfg = Debug|Any CPU
		{63E9BEB5-0228-4203-B3BE-8164E39C895E}.Debug|Any CPU.Build.0 = Debug|Any CPU
		{63E9BEB5-0228-4203-B3BE-8164E39C895E}.Debug|x64.ActiveCfg = Debug|x64
		{63E9BEB5-0228-4203-B3BE-8164E39C895E}.Debug|x64.Build.0 = Debug|x64
		{63E9BEB5-0228-4203-B3BE-8164E39C895E}.Debug|x86.ActiveCfg = Debug|x86
		{63E9BEB5-0228-4203-B3BE-8164E39C895E}.Debug|x86.Build.0 = Debug|x86
		{63E9BEB5-0228-4203-B3BE-8164E39C895E}.Release|Any CPU.ActiveCfg = Release|Any CPU
		{63E9BEB5-0228-4203-B3BE-8164E39C895E}.Release|Any CPU.Build.0 = Release|Any CPU
		{63E9BEB5-0228-4203-B3BE-8164E39C895E}.Release|x64.ActiveCfg = Release|Any CPU
		{63E9BEB5-0228-4203-B3BE-8164E39C895E}.Release|x64.Build.0 = Release|Any CPU
		{63E9BEB5-0228-4203-B3BE-8164E39C895E}.Release|x86.ActiveCfg = Release|Any CPU
		{63E9BEB5-0228-4203-B3BE-8164E39C895E}.Release|x86.Build.0 = Release|Any CPU
		{688E771A-3D5A-4B3E-AF67-9B8C2CE4E97A}.Debug|Any CPU.ActiveCfg = Debug|Any CPU
		{688E771A-3D5A-4B3E-AF67-9B8C2CE4E97A}.Debug|Any CPU.Build.0 = Debug|Any CPU
		{688E771A-3D5A-4B3E-AF67-9B8C2CE4E97A}.Debug|x64.ActiveCfg = Debug|Any CPU
		{688E771A-3D5A-4B3E-AF67-9B8C2CE4E97A}.Debug|x64.Build.0 = Debug|Any CPU
		{688E771A-3D5A-4B3E-AF67-9B8C2CE4E97A}.Debug|x86.ActiveCfg = Debug|Any CPU
		{688E771A-3D5A-4B3E-AF67-9B8C2CE4E97A}.Debug|x86.Build.0 = Debug|Any CPU
		{688E771A-3D5A-4B3E-AF67-9B8C2CE4E97A}.Release|Any CPU.ActiveCfg = Release|Any CPU
		{688E771A-3D5A-4B3E-AF67-9B8C2CE4E97A}.Release|Any CPU.Build.0 = Release|Any CPU
		{688E771A-3D5A-4B3E-AF67-9B8C2CE4E97A}.Release|x64.ActiveCfg = Release|Any CPU
		{688E771A-3D5A-4B3E-AF67-9B8C2CE4E97A}.Release|x64.Build.0 = Release|Any CPU
		{688E771A-3D5A-4B3E-AF67-9B8C2CE4E97A}.Release|x86.ActiveCfg = Release|Any CPU
		{688E771A-3D5A-4B3E-AF67-9B8C2CE4E97A}.Release|x86.Build.0 = Release|Any CPU
		{F047B50B-A3DE-4FF8-9496-06824392EA33}.Debug|Any CPU.ActiveCfg = Debug|Any CPU
		{F047B50B-A3DE-4FF8-9496-06824392EA33}.Debug|Any CPU.Build.0 = Debug|Any CPU
		{F047B50B-A3DE-4FF8-9496-06824392EA33}.Debug|x64.ActiveCfg = Debug|Any CPU
		{F047B50B-A3DE-4FF8-9496-06824392EA33}.Debug|x64.Build.0 = Debug|Any CPU
		{F047B50B-A3DE-4FF8-9496-06824392EA33}.Debug|x86.ActiveCfg = Debug|Any CPU
		{F047B50B-A3DE-4FF8-9496-06824392EA33}.Debug|x86.Build.0 = Debug|Any CPU
		{F047B50B-A3DE-4FF8-9496-06824392EA33}.Release|Any CPU.ActiveCfg = Release|Any CPU
		{F047B50B-A3DE-4FF8-9496-06824392EA33}.Release|Any CPU.Build.0 = Release|Any CPU
		{F047B50B-A3DE-4FF8-9496-06824392EA33}.Release|x64.ActiveCfg = Release|Any CPU
		{F047B50B-A3DE-4FF8-9496-06824392EA33}.Release|x64.Build.0 = Release|Any CPU
		{F047B50B-A3DE-4FF8-9496-06824392EA33}.Release|x86.ActiveCfg = Release|Any CPU
		{F047B50B-A3DE-4FF8-9496-06824392EA33}.Release|x86.Build.0 = Release|Any CPU
		{31A684FF-FB56-4282-BA7B-E2E1331851FA}.Debug|Any CPU.ActiveCfg = Debug|Any CPU
		{31A684FF-FB56-4282-BA7B-E2E1331851FA}.Debug|Any CPU.Build.0 = Debug|Any CPU
		{31A684FF-FB56-4282-BA7B-E2E1331851FA}.Debug|x64.ActiveCfg = Debug|Any CPU
		{31A684FF-FB56-4282-BA7B-E2E1331851FA}.Debug|x64.Build.0 = Debug|Any CPU
		{31A684FF-FB56-4282-BA7B-E2E1331851FA}.Debug|x86.ActiveCfg = Debug|Any CPU
		{31A684FF-FB56-4282-BA7B-E2E1331851FA}.Debug|x86.Build.0 = Debug|Any CPU
		{31A684FF-FB56-4282-BA7B-E2E1331851FA}.Release|Any CPU.ActiveCfg = Release|Any CPU
		{31A684FF-FB56-4282-BA7B-E2E1331851FA}.Release|Any CPU.Build.0 = Release|Any CPU
		{31A684FF-FB56-4282-BA7B-E2E1331851FA}.Release|x64.ActiveCfg = Release|Any CPU
		{31A684FF-FB56-4282-BA7B-E2E1331851FA}.Release|x64.Build.0 = Release|Any CPU
		{31A684FF-FB56-4282-BA7B-E2E1331851FA}.Release|x86.ActiveCfg = Release|Any CPU
		{31A684FF-FB56-4282-BA7B-E2E1331851FA}.Release|x86.Build.0 = Release|Any CPU
		{247138A4-1EF6-4743-8D7D-6E0C26929404}.Debug|Any CPU.ActiveCfg = Debug|Any CPU
		{247138A4-1EF6-4743-8D7D-6E0C26929404}.Debug|Any CPU.Build.0 = Debug|Any CPU
		{247138A4-1EF6-4743-8D7D-6E0C26929404}.Debug|x64.ActiveCfg = Debug|Any CPU
		{247138A4-1EF6-4743-8D7D-6E0C26929404}.Debug|x64.Build.0 = Debug|Any CPU
		{247138A4-1EF6-4743-8D7D-6E0C26929404}.Debug|x86.ActiveCfg = Debug|Any CPU
		{247138A4-1EF6-4743-8D7D-6E0C26929404}.Debug|x86.Build.0 = Debug|Any CPU
		{247138A4-1EF6-4743-8D7D-6E0C26929404}.Release|Any CPU.ActiveCfg = Release|Any CPU
		{247138A4-1EF6-4743-8D7D-6E0C26929404}.Release|Any CPU.Build.0 = Release|Any CPU
		{247138A4-1EF6-4743-8D7D-6E0C26929404}.Release|x64.ActiveCfg = Release|Any CPU
		{247138A4-1EF6-4743-8D7D-6E0C26929404}.Release|x64.Build.0 = Release|Any CPU
		{247138A4-1EF6-4743-8D7D-6E0C26929404}.Release|x86.ActiveCfg = Release|Any CPU
		{247138A4-1EF6-4743-8D7D-6E0C26929404}.Release|x86.Build.0 = Release|Any CPU
		{804B9BD6-30A1-414F-A1F0-CFB4E042A455}.Debug|Any CPU.ActiveCfg = Debug|Any CPU
		{804B9BD6-30A1-414F-A1F0-CFB4E042A455}.Debug|Any CPU.Build.0 = Debug|Any CPU
		{804B9BD6-30A1-414F-A1F0-CFB4E042A455}.Debug|x64.ActiveCfg = Debug|Any CPU
		{804B9BD6-30A1-414F-A1F0-CFB4E042A455}.Debug|x64.Build.0 = Debug|Any CPU
		{804B9BD6-30A1-414F-A1F0-CFB4E042A455}.Debug|x86.ActiveCfg = Debug|Any CPU
		{804B9BD6-30A1-414F-A1F0-CFB4E042A455}.Debug|x86.Build.0 = Debug|Any CPU
		{804B9BD6-30A1-414F-A1F0-CFB4E042A455}.Release|Any CPU.ActiveCfg = Release|Any CPU
		{804B9BD6-30A1-414F-A1F0-CFB4E042A455}.Release|Any CPU.Build.0 = Release|Any CPU
		{804B9BD6-30A1-414F-A1F0-CFB4E042A455}.Release|x64.ActiveCfg = Release|Any CPU
		{804B9BD6-30A1-414F-A1F0-CFB4E042A455}.Release|x64.Build.0 = Release|Any CPU
		{804B9BD6-30A1-414F-A1F0-CFB4E042A455}.Release|x86.ActiveCfg = Release|Any CPU
		{804B9BD6-30A1-414F-A1F0-CFB4E042A455}.Release|x86.Build.0 = Release|Any CPU
		{180290B8-5ECC-4F4F-9C48-B707D51838F4}.Debug|Any CPU.ActiveCfg = Debug|Any CPU
		{180290B8-5ECC-4F4F-9C48-B707D51838F4}.Debug|Any CPU.Build.0 = Debug|Any CPU
		{180290B8-5ECC-4F4F-9C48-B707D51838F4}.Debug|x64.ActiveCfg = Debug|Any CPU
		{180290B8-5ECC-4F4F-9C48-B707D51838F4}.Debug|x64.Build.0 = Debug|Any CPU
		{180290B8-5ECC-4F4F-9C48-B707D51838F4}.Debug|x86.ActiveCfg = Debug|Any CPU
		{180290B8-5ECC-4F4F-9C48-B707D51838F4}.Debug|x86.Build.0 = Debug|Any CPU
		{180290B8-5ECC-4F4F-9C48-B707D51838F4}.Release|Any CPU.ActiveCfg = Release|Any CPU
		{180290B8-5ECC-4F4F-9C48-B707D51838F4}.Release|Any CPU.Build.0 = Release|Any CPU
		{180290B8-5ECC-4F4F-9C48-B707D51838F4}.Release|x64.ActiveCfg = Release|Any CPU
		{180290B8-5ECC-4F4F-9C48-B707D51838F4}.Release|x64.Build.0 = Release|Any CPU
		{180290B8-5ECC-4F4F-9C48-B707D51838F4}.Release|x86.ActiveCfg = Release|Any CPU
		{180290B8-5ECC-4F4F-9C48-B707D51838F4}.Release|x86.Build.0 = Release|Any CPU
		{E5D2734C-924C-4713-B0BE-83939ED06750}.Debug|Any CPU.ActiveCfg = Debug|Any CPU
		{E5D2734C-924C-4713-B0BE-83939ED06750}.Debug|Any CPU.Build.0 = Debug|Any CPU
		{E5D2734C-924C-4713-B0BE-83939ED06750}.Debug|x64.ActiveCfg = Debug|Any CPU
		{E5D2734C-924C-4713-B0BE-83939ED06750}.Debug|x64.Build.0 = Debug|Any CPU
		{E5D2734C-924C-4713-B0BE-83939ED06750}.Debug|x86.ActiveCfg = Debug|x86
		{E5D2734C-924C-4713-B0BE-83939ED06750}.Debug|x86.Build.0 = Debug|x86
		{E5D2734C-924C-4713-B0BE-83939ED06750}.Release|Any CPU.ActiveCfg = Release|Any CPU
		{E5D2734C-924C-4713-B0BE-83939ED06750}.Release|Any CPU.Build.0 = Release|Any CPU
		{E5D2734C-924C-4713-B0BE-83939ED06750}.Release|x64.ActiveCfg = Release|Any CPU
		{E5D2734C-924C-4713-B0BE-83939ED06750}.Release|x64.Build.0 = Release|Any CPU
		{E5D2734C-924C-4713-B0BE-83939ED06750}.Release|x86.ActiveCfg = Release|x86
		{E5D2734C-924C-4713-B0BE-83939ED06750}.Release|x86.Build.0 = Release|x86
		{D7FDE67C-764A-4824-A65B-658F72612C06}.Debug|Any CPU.ActiveCfg = Debug|Any CPU
		{D7FDE67C-764A-4824-A65B-658F72612C06}.Debug|Any CPU.Build.0 = Debug|Any CPU
		{D7FDE67C-764A-4824-A65B-658F72612C06}.Debug|x64.ActiveCfg = Debug|Any CPU
		{D7FDE67C-764A-4824-A65B-658F72612C06}.Debug|x64.Build.0 = Debug|Any CPU
		{D7FDE67C-764A-4824-A65B-658F72612C06}.Debug|x86.ActiveCfg = Debug|Any CPU
		{D7FDE67C-764A-4824-A65B-658F72612C06}.Debug|x86.Build.0 = Debug|Any CPU
		{D7FDE67C-764A-4824-A65B-658F72612C06}.Release|Any CPU.ActiveCfg = Release|Any CPU
		{D7FDE67C-764A-4824-A65B-658F72612C06}.Release|Any CPU.Build.0 = Release|Any CPU
		{D7FDE67C-764A-4824-A65B-658F72612C06}.Release|x64.ActiveCfg = Release|Any CPU
		{D7FDE67C-764A-4824-A65B-658F72612C06}.Release|x64.Build.0 = Release|Any CPU
		{D7FDE67C-764A-4824-A65B-658F72612C06}.Release|x86.ActiveCfg = Release|Any CPU
		{D7FDE67C-764A-4824-A65B-658F72612C06}.Release|x86.Build.0 = Release|Any CPU
		{CC2BA759-F53F-4ECD-8A72-FB05496870B1}.Debug|Any CPU.ActiveCfg = Debug|Any CPU
		{CC2BA759-F53F-4ECD-8A72-FB05496870B1}.Debug|Any CPU.Build.0 = Debug|Any CPU
		{CC2BA759-F53F-4ECD-8A72-FB05496870B1}.Debug|x64.ActiveCfg = Debug|x64
		{CC2BA759-F53F-4ECD-8A72-FB05496870B1}.Debug|x64.Build.0 = Debug|x64
		{CC2BA759-F53F-4ECD-8A72-FB05496870B1}.Debug|x86.ActiveCfg = Debug|x86
		{CC2BA759-F53F-4ECD-8A72-FB05496870B1}.Debug|x86.Build.0 = Debug|x86
		{CC2BA759-F53F-4ECD-8A72-FB05496870B1}.Release|Any CPU.ActiveCfg = Release|Any CPU
		{CC2BA759-F53F-4ECD-8A72-FB05496870B1}.Release|Any CPU.Build.0 = Release|Any CPU
		{CC2BA759-F53F-4ECD-8A72-FB05496870B1}.Release|x64.ActiveCfg = Release|x64
		{CC2BA759-F53F-4ECD-8A72-FB05496870B1}.Release|x64.Build.0 = Release|x64
		{CC2BA759-F53F-4ECD-8A72-FB05496870B1}.Release|x86.ActiveCfg = Release|x86
		{CC2BA759-F53F-4ECD-8A72-FB05496870B1}.Release|x86.Build.0 = Release|x86
		{FC52840E-C7C6-4741-9DEA-AB286F7AE7F6}.Debug|Any CPU.ActiveCfg = Debug|Any CPU
		{FC52840E-C7C6-4741-9DEA-AB286F7AE7F6}.Debug|Any CPU.Build.0 = Debug|Any CPU
		{FC52840E-C7C6-4741-9DEA-AB286F7AE7F6}.Debug|x64.ActiveCfg = Debug|x64
		{FC52840E-C7C6-4741-9DEA-AB286F7AE7F6}.Debug|x64.Build.0 = Debug|x64
		{FC52840E-C7C6-4741-9DEA-AB286F7AE7F6}.Debug|x86.ActiveCfg = Debug|x86
		{FC52840E-C7C6-4741-9DEA-AB286F7AE7F6}.Debug|x86.Build.0 = Debug|x86
		{FC52840E-C7C6-4741-9DEA-AB286F7AE7F6}.Release|Any CPU.ActiveCfg = Release|Any CPU
		{FC52840E-C7C6-4741-9DEA-AB286F7AE7F6}.Release|Any CPU.Build.0 = Release|Any CPU
		{FC52840E-C7C6-4741-9DEA-AB286F7AE7F6}.Release|x64.ActiveCfg = Release|x64
		{FC52840E-C7C6-4741-9DEA-AB286F7AE7F6}.Release|x64.Build.0 = Release|x64
		{FC52840E-C7C6-4741-9DEA-AB286F7AE7F6}.Release|x86.ActiveCfg = Release|x86
		{FC52840E-C7C6-4741-9DEA-AB286F7AE7F6}.Release|x86.Build.0 = Release|x86
		{9CF31659-0A3B-4DAD-9863-824E903D7D48}.Debug|Any CPU.ActiveCfg = Debug|Any CPU
		{9CF31659-0A3B-4DAD-9863-824E903D7D48}.Debug|Any CPU.Build.0 = Debug|Any CPU
		{9CF31659-0A3B-4DAD-9863-824E903D7D48}.Debug|x64.ActiveCfg = Debug|Any CPU
		{9CF31659-0A3B-4DAD-9863-824E903D7D48}.Debug|x64.Build.0 = Debug|Any CPU
		{9CF31659-0A3B-4DAD-9863-824E903D7D48}.Debug|x86.ActiveCfg = Debug|Any CPU
		{9CF31659-0A3B-4DAD-9863-824E903D7D48}.Debug|x86.Build.0 = Debug|Any CPU
		{9CF31659-0A3B-4DAD-9863-824E903D7D48}.Release|Any CPU.ActiveCfg = Release|Any CPU
		{9CF31659-0A3B-4DAD-9863-824E903D7D48}.Release|Any CPU.Build.0 = Release|Any CPU
		{9CF31659-0A3B-4DAD-9863-824E903D7D48}.Release|x64.ActiveCfg = Release|Any CPU
		{9CF31659-0A3B-4DAD-9863-824E903D7D48}.Release|x64.Build.0 = Release|Any CPU
		{9CF31659-0A3B-4DAD-9863-824E903D7D48}.Release|x86.ActiveCfg = Release|Any CPU
		{9CF31659-0A3B-4DAD-9863-824E903D7D48}.Release|x86.Build.0 = Release|Any CPU
	EndGlobalSection
	GlobalSection(SolutionProperties) = preSolution
		HideSolutionNode = FALSE
	EndGlobalSection
	GlobalSection(NestedProjects) = preSolution
		{63E9BEB5-0228-4203-B3BE-8164E39C895E} = {EC74613F-25FB-446D-9068-7F44594906B2}
		{F047B50B-A3DE-4FF8-9496-06824392EA33} = {3BA3090D-36C2-4B9A-B7FB-CA9A3F3600DE}
		{31A684FF-FB56-4282-BA7B-E2E1331851FA} = {3BA3090D-36C2-4B9A-B7FB-CA9A3F3600DE}
		{E5D2734C-924C-4713-B0BE-83939ED06750} = {EC74613F-25FB-446D-9068-7F44594906B2}
		{D7FDE67C-764A-4824-A65B-658F72612C06} = {3BA3090D-36C2-4B9A-B7FB-CA9A3F3600DE}
		{CC2BA759-F53F-4ECD-8A72-FB05496870B1} = {63042D0D-CE64-4B9A-B030-99FBC7C2D87B}
		{FC52840E-C7C6-4741-9DEA-AB286F7AE7F6} = {63042D0D-CE64-4B9A-B030-99FBC7C2D87B}
		{9CF31659-0A3B-4DAD-9863-824E903D7D48} = {3BA3090D-36C2-4B9A-B7FB-CA9A3F3600DE}
	EndGlobalSection
	GlobalSection(ExtensibilityGlobals) = postSolution
		SolutionGuid = {EEF979C8-6F73-4E7B-BA29-D8F8C0B3C90C}
	EndGlobalSection
EndGlobal
